
Microsoft Visual Studio Solution File, Format Version 12.00
# Visual Studio Version 17
VisualStudioVersion = 17.12.35514.174
MinimumVisualStudioVersion = 10.0.40219.1
Project("{FAE04EC0-301F-11D3-BF4B-00C04F79EFBC}") = "FrontMenuWeb", "FrontMenuWeb\FrontMenuWeb.csproj", "{9CE2FBE7-0CF2-49D6-9979-E6218E807EA3}"
EndProject
Project("{FAE04EC0-301F-11D3-BF4B-00C04F79EFBC}") = "SophosSyncDesktop", "SophosSyncDesktop\SophosSyncDesktop.csproj", "{0AA26B03-6054-4A1B-80F9-C95567429998}"
EndProject
Project("{FAE04EC0-301F-11D3-BF4B-00C04F79EFBC}") = "ApiFiscalMenuWeb", "ApiFiscalMenuWeb\ApiFiscalMenuWeb.csproj", "{0EC264C1-8C50-4342-AB44-E20658B9164D}"
EndProject
Project("{FAE04EC0-301F-11D3-BF4B-00C04F79EFBC}") = "FrontDesktopBlzHybrid", "FrontDesktopBlzHybrid\FrontDesktopBlzHybrid.csproj", "{F730ECDB-6BDC-4CE7-ACF0-93D243B110E0}"
EndProject
Global
	GlobalSection(SolutionConfigurationPlatforms) = preSolution
		Debug|Any CPU = Debug|Any CPU
		Release|Any CPU = Release|Any CPU
	EndGlobalSection
	GlobalSection(ProjectConfigurationPlatforms) = postSolution
		{9CE2FBE7-0CF2-49D6-9979-E6218E807EA3}.Debug|Any CPU.ActiveCfg = Debug|Any CPU
		{9CE2FBE7-0CF2-49D6-9979-E6218E807EA3}.Debug|Any CPU.Build.0 = Debug|Any CPU
		{9CE2FBE7-0CF2-49D6-9979-E6218E807EA3}.Release|Any CPU.ActiveCfg = Release|Any CPU
		{9CE2FBE7-0CF2-49D6-9979-E6218E807EA3}.Release|Any CPU.Build.0 = Release|Any CPU
		{0AA26B03-6054-4A1B-80F9-C95567429998}.Debug|Any CPU.ActiveCfg = Debug|Any CPU
		{0AA26B03-6054-4A1B-80F9-C95567429998}.Debug|Any CPU.Build.0 = Debug|Any CPU
		{0AA26B03-6054-4A1B-80F9-C95567429998}.Release|Any CPU.ActiveCfg = Release|Any CPU
		{0AA26B03-6054-4A1B-80F9-C95567429998}.Release|Any CPU.Build.0 = Release|Any CPU
		{0EC264C1-8C50-4342-AB44-E20658B9164D}.Debug|Any CPU.ActiveCfg = Debug|Any CPU
		{0EC264C1-8C50-4342-AB44-E20658B9164D}.Debug|Any CPU.Build.0 = Debug|Any CPU
		{0EC264C1-8C50-4342-AB44-E20658B9164D}.Release|Any CPU.ActiveCfg = Release|Any CPU
		{0EC264C1-8C50-4342-AB44-E20658B9164D}.Release|Any CPU.Build.0 = Release|Any CPU
		{F730ECDB-6BDC-4CE7-ACF0-93D243B110E0}.Debug|Any CPU.ActiveCfg = Debug|Any CPU
		{F730ECDB-6BDC-4CE7-ACF0-93D243B110E0}.Debug|Any CPU.Build.0 = Debug|Any CPU
		{F730ECDB-6BDC-4CE7-ACF0-93D243B110E0}.Debug|Any CPU.Deploy.0 = Debug|Any CPU
		{F730ECDB-6BDC-4CE7-ACF0-93D243B110E0}.Release|Any CPU.ActiveCfg = Release|Any CPU
		{F730ECDB-6BDC-4CE7-ACF0-93D243B110E0}.Release|Any CPU.Build.0 = Release|Any CPU
		{F730ECDB-6BDC-4CE7-ACF0-93D243B110E0}.Release|Any CPU.Deploy.0 = Release|Any CPU
	EndGlobalSection
	GlobalSection(SolutionProperties) = preSolution
		HideSolutionNode = FALSE
	EndGlobalSection
	GlobalSection(ExtensibilityGlobals) = postSolution
		SolutionGuid = {A0F14CBC-D846-43CB-9AE5-3C0760B8936B}
	EndGlobalSection
EndGlobal
